
Microsoft Visual Studio Solution File, Format Version 12.00
Project("{FAE04EC0-301F-11D3-BF4B-00C04F79EFBC}") = "BankLibrary", "BankLibrary\BankLibrary.csproj", "{27C0CCD0-13DD-4476-A5E5-7188CC5630A7}"
EndProject
Project("{FAE04EC0-301F-11D3-BF4B-00C04F79EFBC}") = "BankApplication", "BankApplication\BankApplication.csproj", "{76604A41-C1ED-4205-B583-285CABA7F031}"
EndProject
Global
	GlobalSection(SolutionConfigurationPlatforms) = preSolution
		Debug|Any CPU = Debug|Any CPU
		Release|Any CPU = Release|Any CPU
	EndGlobalSection
	GlobalSection(ProjectConfigurationPlatforms) = postSolution
		{27C0CCD0-13DD-4476-A5E5-7188CC5630A7}.Debug|Any CPU.ActiveCfg = Debug|Any CPU
		{27C0CCD0-13DD-4476-A5E5-7188CC5630A7}.Debug|Any CPU.Build.0 = Debug|Any CPU
		{27C0CCD0-13DD-4476-A5E5-7188CC5630A7}.Release|Any CPU.ActiveCfg = Release|Any CPU
		{27C0CCD0-13DD-4476-A5E5-7188CC5630A7}.Release|Any CPU.Build.0 = Release|Any CPU
		{76604A41-C1ED-4205-B583-285CABA7F031}.Debug|Any CPU.ActiveCfg = Debug|Any CPU
		{76604A41-C1ED-4205-B583-285CABA7F031}.Debug|Any CPU.Build.0 = Debug|Any CPU
		{76604A41-C1ED-4205-B583-285CABA7F031}.Release|Any CPU.ActiveCfg = Release|Any CPU
		{76604A41-C1ED-4205-B583-285CABA7F031}.Release|Any CPU.Build.0 = Release|Any CPU
	EndGlobalSection
EndGlobal
